// !$*UTF8*$!
{
	archiveVersion = 1;
	classes = {
	};
	objectVersion = 50;
	objects = {

/* Begin PBXBuildFile section */
		8C3F20EA24260C09005EF484 /* DetailViewController.swift in Sources */ = {isa = PBXBuildFile; fileRef = 8C3F20E924260C09005EF484 /* DetailViewController.swift */; };
		8C3F20ED2426EC50005EF484 /* Data.swift in Sources */ = {isa = PBXBuildFile; fileRef = 8C3F20EC2426EC50005EF484 /* Data.swift */; };
		8C3F20F124270247005EF484 /* TableViewCell.swift in Sources */ = {isa = PBXBuildFile; fileRef = 8C3F20F024270247005EF484 /* TableViewCell.swift */; };
		8CDF96822424FB5A00EE07A9 /* AppDelegate.swift in Sources */ = {isa = PBXBuildFile; fileRef = 8CDF96812424FB5A00EE07A9 /* AppDelegate.swift */; };
		8CDF96842424FB5A00EE07A9 /* SceneDelegate.swift in Sources */ = {isa = PBXBuildFile; fileRef = 8CDF96832424FB5A00EE07A9 /* SceneDelegate.swift */; };
		8CDF96862424FB5A00EE07A9 /* ViewController.swift in Sources */ = {isa = PBXBuildFile; fileRef = 8CDF96852424FB5A00EE07A9 /* ViewController.swift */; };
		8CDF96892424FB5A00EE07A9 /* Main.storyboard in Resources */ = {isa = PBXBuildFile; fileRef = 8CDF96872424FB5A00EE07A9 /* Main.storyboard */; };
		8CDF968B2424FB5D00EE07A9 /* Assets.xcassets in Resources */ = {isa = PBXBuildFile; fileRef = 8CDF968A2424FB5D00EE07A9 /* Assets.xcassets */; };
		8CDF968E2424FB5D00EE07A9 /* LaunchScreen.storyboard in Resources */ = {isa = PBXBuildFile; fileRef = 8CDF968C2424FB5D00EE07A9 /* LaunchScreen.storyboard */; };
/* End PBXBuildFile section */

/* Begin PBXFileReference section */
		8C3F20E924260C09005EF484 /* DetailViewController.swift */ = {isa = PBXFileReference; lastKnownFileType = sourcecode.swift; path = DetailViewController.swift; sourceTree = "<group>"; };
		8C3F20EC2426EC50005EF484 /* Data.swift */ = {isa = PBXFileReference; lastKnownFileType = sourcecode.swift; path = Data.swift; sourceTree = "<group>"; };
		8C3F20F024270247005EF484 /* TableViewCell.swift */ = {isa = PBXFileReference; lastKnownFileType = sourcecode.swift; path = TableViewCell.swift; sourceTree = "<group>"; };
		8CDF967E2424FB5A00EE07A9 /* swift-tableview-sample.app */ = {isa = PBXFileReference; explicitFileType = wrapper.application; includeInIndex = 0; path = "swift-tableview-sample.app"; sourceTree = BUILT_PRODUCTS_DIR; };
		8CDF96812424FB5A00EE07A9 /* AppDelegate.swift */ = {isa = PBXFileReference; lastKnownFileType = sourcecode.swift; path = AppDelegate.swift; sourceTree = "<group>"; };
		8CDF96832424FB5A00EE07A9 /* SceneDelegate.swift */ = {isa = PBXFileReference; lastKnownFileType = sourcecode.swift; path = SceneDelegate.swift; sourceTree = "<group>"; };
		8CDF96852424FB5A00EE07A9 /* ViewController.swift */ = {isa = PBXFileReference; lastKnownFileType = sourcecode.swift; path = ViewController.swift; sourceTree = "<group>"; };
		8CDF96882424FB5A00EE07A9 /* Base */ = {isa = PBXFileReference; lastKnownFileType = file.storyboard; name = Base; path = Base.lproj/Main.storyboard; sourceTree = "<group>"; };
		8CDF968A2424FB5D00EE07A9 /* Assets.xcassets */ = {isa = PBXFileReference; lastKnownFileType = folder.assetcatalog; path = Assets.xcassets; sourceTree = "<group>"; };
		8CDF968D2424FB5D00EE07A9 /* Base */ = {isa = PBXFileReference; lastKnownFileType = file.storyboard; name = Base; path = Base.lproj/LaunchScreen.storyboard; sourceTree = "<group>"; };
		8CDF968F2424FB5D00EE07A9 /* Info.plist */ = {isa = PBXFileReference; lastKnownFileType = text.plist.xml; path = Info.plist; sourceTree = "<group>"; };
/* End PBXFileReference section */

/* Begin PBXFrameworksBuildPhase section */
		8CDF967B2424FB5A00EE07A9 /* Frameworks */ = {
			isa = PBXFrameworksBuildPhase;
			buildActionMask = 2147483647;
			files = (
			);
			runOnlyForDeploymentPostprocessing = 0;
		};
/* End PBXFrameworksBuildPhase section */

/* Begin PBXGroup section */
		8CDF96752424FB5A00EE07A9 = {
			isa = PBXGroup;
			children = (
				8CDF96802424FB5A00EE07A9 /* swift-tableview-sample */,
				8CDF967F2424FB5A00EE07A9 /* Products */,
			);
			sourceTree = "<group>";
		};
		8CDF967F2424FB5A00EE07A9 /* Products */ = {
			isa = PBXGroup;
			children = (
				8CDF967E2424FB5A00EE07A9 /* swift-tableview-sample.app */,
			);
			name = Products;
			sourceTree = "<group>";
		};
		8CDF96802424FB5A00EE07A9 /* swift-tableview-sample */ = {
			isa = PBXGroup;
			children = (
				8C3F20EC2426EC50005EF484 /* Data.swift */,
				8CDF96812424FB5A00EE07A9 /* AppDelegate.swift */,
				8CDF96832424FB5A00EE07A9 /* SceneDelegate.swift */,
				8CDF96852424FB5A00EE07A9 /* ViewController.swift */,
				8CDF96872424FB5A00EE07A9 /* Main.storyboard */,
				8CDF968A2424FB5D00EE07A9 /* Assets.xcassets */,
				8CDF968C2424FB5D00EE07A9 /* LaunchScreen.storyboard */,
				8CDF968F2424FB5D00EE07A9 /* Info.plist */,
				8C3F20E924260C09005EF484 /* DetailViewController.swift */,
				8C3F20F024270247005EF484 /* TableViewCell.swift */,
			);
			path = "swift-tableview-sample";
			sourceTree = "<group>";
		};
/* End PBXGroup section */

/* Begin PBXNativeTarget section */
		8CDF967D2424FB5A00EE07A9 /* swift-tableview-sample */ = {
			isa = PBXNativeTarget;
			buildConfigurationList = 8CDF96922424FB5D00EE07A9 /* Build configuration list for PBXNativeTarget "swift-tableview-sample" */;
			buildPhases = (
				8CDF967A2424FB5A00EE07A9 /* Sources */,
				8CDF967B2424FB5A00EE07A9 /* Frameworks */,
				8CDF967C2424FB5A00EE07A9 /* Resources */,
			);
			buildRules = (
			);
			dependencies = (
			);
			name = "swift-tableview-sample";
			productName = "swift-tableview-sample";
			productReference = 8CDF967E2424FB5A00EE07A9 /* swift-tableview-sample.app */;
			productType = "com.apple.product-type.application";
		};
/* End PBXNativeTarget section */

/* Begin PBXProject section */
		8CDF96762424FB5A00EE07A9 /* Project object */ = {
			isa = PBXProject;
			attributes = {
				LastSwiftUpdateCheck = 1130;
				LastUpgradeCheck = 1130;
				ORGANIZATIONNAME = trajan;
				TargetAttributes = {
					8CDF967D2424FB5A00EE07A9 = {
						CreatedOnToolsVersion = 11.3.1;
					};
				};
			};
			buildConfigurationList = 8CDF96792424FB5A00EE07A9 /* Build configuration list for PBXProject "swift-tableview-sample" */;
			compatibilityVersion = "Xcode 9.3";
			developmentRegion = en;
			hasScannedForEncodings = 0;
			knownRegions = (
				en,
				Base,
			);
			mainGroup = 8CDF96752424FB5A00EE07A9;
			productRefGroup = 8CDF967F2424FB5A00EE07A9 /* Products */;
			projectDirPath = "";
			projectRoot = "";
			targets = (
				8CDF967D2424FB5A00EE07A9 /* swift-tableview-sample */,
			);
		};
/* End PBXProject section */

/* Begin PBXResourcesBuildPhase section */
		8CDF967C2424FB5A00EE07A9 /* Resources */ = {
			isa = PBXResourcesBuildPhase;
			buildActionMask = 2147483647;
			files = (
				8CDF968E2424FB5D00EE07A9 /* LaunchScreen.storyboard in Resources */,
				8CDF968B2424FB5D00EE07A9 /* Assets.xcassets in Resources */,
				8CDF96892424FB5A00EE07A9 /* Main.storyboard in Resources */,
			);
			runOnlyForDeploymentPostprocessing = 0;
		};
/* End PBXResourcesBuildPhase section */

/* Begin PBXSourcesBuildPhase section */
		8CDF967A2424FB5A00EE07A9 /* Sources */ = {
			isa = PBXSourcesBuildPhase;
			buildActionMask = 2147483647;
			files = (
				8CDF96862424FB5A00EE07A9 /* ViewController.swift in Sources */,
				8CDF96822424FB5A00EE07A9 /* AppDelegate.swift in Sources */,
				8CDF96842424FB5A00EE07A9 /* SceneDelegate.swift in Sources */,
				8C3F20F124270247005EF484 /* TableViewCell.swift in Sources */,
				8C3F20ED2426EC50005EF484 /* Data.swift in Sources */,
				8C3F20EA24260C09005EF484 /* DetailViewController.swift in Sources */,
			);
			runOnlyForDeploymentPostprocessing = 0;
		};
/* End PBXSourcesBuildPhase section */

/* Begin PBXVariantGroup section */
		8CDF96872424FB5A00EE07A9 /* Main.storyboard */ = {
			isa = PBXVariantGroup;
			children = (
				8CDF96882424FB5A00EE07A9 /* Base */,
			);
			name = Main.storyboard;
			sourceTree = "<group>";
		};
		8CDF968C2424FB5D00EE07A9 /* LaunchScreen.storyboard */ = {
			isa = PBXVariantGroup;
			children = (
				8CDF968D2424FB5D00EE07A9 /* Base */,
			);
			name = LaunchScreen.storyboard;
			sourceTree = "<group>";
		};
/* End PBXVariantGroup section */

/* Begin XCBuildConfiguration section */
		8CDF96902424FB5D00EE07A9 /* Debug */ = {
			isa = XCBuildConfiguration;
			buildSettings = {
				ALWAYS_SEARCH_USER_PATHS = NO;
				CLANG_ANALYZER_NONNULL = YES;
				CLANG_ANALYZER_NUMBER_OBJECT_CONVERSION = YES_AGGRESSIVE;
				CLANG_CXX_LANGUAGE_STANDARD = "gnu++14";
				CLANG_CXX_LIBRARY = "libc++";
				CLANG_ENABLE_MODULES = YES;
				CLANG_ENABLE_OBJC_ARC = YES;
				CLANG_ENABLE_OBJC_WEAK = YES;
				CLANG_WARN_BLOCK_CAPTURE_AUTORELEASING = YES;
				CLANG_WARN_BOOL_CONVERSION = YES;
				CLANG_WARN_COMMA = YES;
				CLANG_WARN_CONSTANT_CONVERSION = YES;
				CLANG_WARN_DEPRECATED_OBJC_IMPLEMENTATIONS = YES;
				CLANG_WARN_DIRECT_OBJC_ISA_USAGE = YES_ERROR;
				CLANG_WARN_DOCUMENTATION_COMMENTS = YES;
				CLANG_WARN_EMPTY_BODY = YES;
				CLANG_WARN_ENUM_CONVERSION = YES;
				CLANG_WARN_INFINITE_RECURSION = YES;
				CLANG_WARN_INT_CONVERSION = YES;
				CLANG_WARN_NON_LITERAL_NULL_CONVERSION = YES;
				CLANG_WARN_OBJC_IMPLICIT_RETAIN_SELF = YES;
				CLANG_WARN_OBJC_LITERAL_CONVERSION = YES;
				CLANG_WARN_OBJC_ROOT_CLASS = YES_ERROR;
				CLANG_WARN_RANGE_LOOP_ANALYSIS = YES;
				CLANG_WARN_STRICT_PROTOTYPES = YES;
				CLANG_WARN_SUSPICIOUS_MOVE = YES;
				CLANG_WARN_UNGUARDED_AVAILABILITY = YES_AGGRESSIVE;
				CLANG_WARN_UNREACHABLE_CODE = YES;
				CLANG_WARN__DUPLICATE_METHOD_MATCH = YES;
				COPY_PHASE_STRIP = NO;
				DEBUG_INFORMATION_FORMAT = dwarf;
				ENABLE_STRICT_OBJC_MSGSEND = YES;
				ENABLE_TESTABILITY = YES;
				GCC_C_LANGUAGE_STANDARD = gnu11;
				GCC_DYNAMIC_NO_PIC = NO;
				GCC_NO_COMMON_BLOCKS = YES;
				GCC_OPTIMIZATION_LEVEL = 0;
				GCC_PREPROCESSOR_DEFINITIONS = (
					"DEBUG=1",
					"$(inherited)",
				);
				GCC_WARN_64_TO_32_BIT_CONVERSION = YES;
				GCC_WARN_ABOUT_RETURN_TYPE = YES_ERROR;
				GCC_WARN_UNDECLARED_SELECTOR = YES;
				GCC_WARN_UNINITIALIZED_AUTOS = YES_AGGRESSIVE;
				GCC_WARN_UNUSED_FUNCTION = YES;
				GCC_WARN_UNUSED_VARIABLE = YES;
				IPHONEOS_DEPLOYMENT_TARGET = 13.2;
				MTL_ENABLE_DEBUG_INFO = INCLUDE_SOURCE;
				MTL_FAST_MATH = YES;
				ONLY_ACTIVE_ARCH = YES;
				SDKROOT = iphoneos;
				SWIFT_ACTIVE_COMPILATION_CONDITIONS = DEBUG;
				SWIFT_OPTIMIZATION_LEVEL = "-Onone";
			};
			name = Debug;
		};
		8CDF96912424FB5D00EE07A9 /* Release */ = {
			isa = XCBuildConfiguration;
			buildSettings = {
				ALWAYS_SEARCH_USER_PATHS = NO;
				CLANG_ANALYZER_NONNULL = YES;
				CLANG_ANALYZER_NUMBER_OBJECT_CONVERSION = YES_AGGRESSIVE;
				CLANG_CXX_LANGUAGE_STANDARD = "gnu++14";
				CLANG_CXX_LIBRARY = "libc++";
				CLANG_ENABLE_MODULES = YES;
				CLANG_ENABLE_OBJC_ARC = YES;
				CLANG_ENABLE_OBJC_WEAK = YES;
				CLANG_WARN_BLOCK_CAPTURE_AUTORELEASING = YES;
				CLANG_WARN_BOOL_CONVERSION = YES;
				CLANG_WARN_COMMA = YES;
				CLANG_WARN_CONSTANT_CONVERSION = YES;
				CLANG_WARN_DEPRECATED_OBJC_IMPLEMENTATIONS = YES;
				CLANG_WARN_DIRECT_OBJC_ISA_USAGE = YES_ERROR;
				CLANG_WARN_DOCUMENTATION_COMMENTS = YES;
				CLANG_WARN_EMPTY_BODY = YES;
				CLANG_WARN_ENUM_CONVERSION = YES;
				CLANG_WARN_INFINITE_RECURSION = YES;
				CLANG_WARN_INT_CONVERSION = YES;
				CLANG_WARN_NON_LITERAL_NULL_CONVERSION = YES;
				CLANG_WARN_OBJC_IMPLICIT_RETAIN_SELF = YES;
				CLANG_WARN_OBJC_LITERAL_CONVERSION = YES;
				CLANG_WARN_OBJC_ROOT_CLASS = YES_ERROR;
				CLANG_WARN_RANGE_LOOP_ANALYSIS = YES;
				CLANG_WARN_STRICT_PROTOTYPES = YES;
				CLANG_WARN_SUSPICIOUS_MOVE = YES;
				CLANG_WARN_UNGUARDED_AVAILABILITY = YES_AGGRESSIVE;
				CLANG_WARN_UNREACHABLE_CODE = YES;
				CLANG_WARN__DUPLICATE_METHOD_MATCH = YES;
				COPY_PHASE_STRIP = NO;
				DEBUG_INFORMATION_FORMAT = "dwarf-with-dsym";
				ENABLE_NS_ASSERTIONS = NO;
				ENABLE_STRICT_OBJC_MSGSEND = YES;
				GCC_C_LANGUAGE_STANDARD = gnu11;
				GCC_NO_COMMON_BLOCKS = YES;
				GCC_WARN_64_TO_32_BIT_CONVERSION = YES;
				GCC_WARN_ABOUT_RETURN_TYPE = YES_ERROR;
				GCC_WARN_UNDECLARED_SELECTOR = YES;
				GCC_WARN_UNINITIALIZED_AUTOS = YES_AGGRESSIVE;
				GCC_WARN_UNUSED_FUNCTION = YES;
				GCC_WARN_UNUSED_VARIABLE = YES;
				IPHONEOS_DEPLOYMENT_TARGET = 13.2;
				MTL_ENABLE_DEBUG_INFO = NO;
				MTL_FAST_MATH = YES;
				SDKROOT = iphoneos;
				SWIFT_COMPILATION_MODE = wholemodule;
				SWIFT_OPTIMIZATION_LEVEL = "-O";
				VALIDATE_PRODUCT = YES;
			};
			name = Release;
		};
		8CDF96932424FB5D00EE07A9 /* Debug */ = {
			isa = XCBuildConfiguration;
			buildSettings = {
				ASSETCATALOG_COMPILER_APPICON_NAME = AppIcon;
				CODE_SIGN_STYLE = Automatic;
				DEVELOPMENT_TEAM = A7Y8TPM66T;
				INFOPLIST_FILE = "swift-tableview-sample/Info.plist";
				LD_RUNPATH_SEARCH_PATHS = (
					"$(inherited)",
					"@executable_path/Frameworks",
				);
				PRODUCT_BUNDLE_IDENTIFIER = "me.trajan.swift-tableview-sample";
				PRODUCT_NAME = "$(TARGET_NAME)";
				SWIFT_VERSION = 5.0;
				TARGETED_DEVICE_FAMILY = "1,2";
			};
			name = Debug;
		};
		8CDF96942424FB5D00EE07A9 /* Release */ = {
			isa = XCBuildConfiguration;
			buildSettings = {
				ASSETCATALOG_COMPILER_APPICON_NAME = AppIcon;
				CODE_SIGN_STYLE = Automatic;
				DEVELOPMENT_TEAM = A7Y8TPM66T;
				INFOPLIST_FILE = "swift-tableview-sample/Info.plist";
				LD_RUNPATH_SEARCH_PATHS = (
					"$(inherited)",
					"@executable_path/Frameworks",
				);
				PRODUCT_BUNDLE_IDENTIFIER = "me.trajan.swift-tableview-sample";
				PRODUCT_NAME = "$(TARGET_NAME)";
				SWIFT_VERSION = 5.0;
				TARGETED_DEVICE_FAMILY = "1,2";
			};
			name = Release;
		};
/* End XCBuildConfiguration section */

/* Begin XCConfigurationList section */
		8CDF96792424FB5A00EE07A9 /* Build configuration list for PBXProject "swift-tableview-sample" */ = {
			isa = XCConfigurationList;
			buildConfigurations = (
				8CDF96902424FB5D00EE07A9 /* Debug */,
				8CDF96912424FB5D00EE07A9 /* Release */,
			);
			defaultConfigurationIsVisible = 0;
			defaultConfigurationName = Release;
		};
		8CDF96922424FB5D00EE07A9 /* Build configuration list for PBXNativeTarget "swift-tableview-sample" */ = {
			isa = XCConfigurationList;
			buildConfigurations = (
				8CDF96932424FB5D00EE07A9 /* Debug */,
				8CDF96942424FB5D00EE07A9 /* Release */,
			);
			defaultConfigurationIsVisible = 0;
			defaultConfigurationName = Release;
		};
/* End XCConfigurationList section */
	};
	rootObject = 8CDF96762424FB5A00EE07A9 /* Project object */;
}
